// !$*UTF8*$!
{
	archiveVersion = 1;
	classes = {
	};
	objectVersion = 50;
	objects = {

/* Begin PBXBuildFile section */
		8D8F04C95AB184CC3A721789 /* Pods_CityGNSS.framework in Frameworks */ = {isa = PBXBuildFile; fileRef = 3950C1AFEBC14DF4C76EF798 /* Pods_CityGNSS.framework */; };
		A90A7F07227AFF9E0078E78B /* SelectConstellationTableViewController.swift in Sources */ = {isa = PBXBuildFile; fileRef = A90A7F06227AFF9E0078E78B /* SelectConstellationTableViewController.swift */; };
		A90A7F0C227B4E6F0078E78B /* MapKit.framework in Frameworks */ = {isa = PBXBuildFile; fileRef = A90A7F0B227B4E6F0078E78B /* MapKit.framework */; };
		A912F82222BA373C00838864 /* GenerateNMEA.swift in Sources */ = {isa = PBXBuildFile; fileRef = A912F82122BA373C00838864 /* GenerateNMEA.swift */; };
		A919085D22649CC600186911 /* MenuOptionCell.swift in Sources */ = {isa = PBXBuildFile; fileRef = A919085C22649CC600186911 /* MenuOptionCell.swift */; };
		A919085F2264BBDE00186911 /* MenuOption.swift in Sources */ = {isa = PBXBuildFile; fileRef = A919085E2264BBDE00186911 /* MenuOption.swift */; };
		A91D1BF522C3AAA500359BC9 /* SatelliteList.storyboard in Resources */ = {isa = PBXBuildFile; fileRef = A91D1BF422C3AAA500359BC9 /* SatelliteList.storyboard */; };
		A91D1BF722C3AB2500359BC9 /* SatelliteListViewController.swift in Sources */ = {isa = PBXBuildFile; fileRef = A91D1BF622C3AB2500359BC9 /* SatelliteListViewController.swift */; };
		A91D1BF922C4C63300359BC9 /* SatelliteTableViewController.swift in Sources */ = {isa = PBXBuildFile; fileRef = A91D1BF822C4C63300359BC9 /* SatelliteTableViewController.swift */; };
		A91D1BFC22C4C73300359BC9 /* SatelliteTableViewCell.swift in Sources */ = {isa = PBXBuildFile; fileRef = A91D1BFA22C4C73300359BC9 /* SatelliteTableViewCell.swift */; };
		A91D1BFD22C4C73300359BC9 /* SatelliteTableViewCell.xib in Resources */ = {isa = PBXBuildFile; fileRef = A91D1BFB22C4C73300359BC9 /* SatelliteTableViewCell.xib */; };
		A91D1C1422C6221C00359BC9 /* CGFramework in Resources */ = {isa = PBXBuildFile; fileRef = A91D1C1322C6221B00359BC9 /* CGFramework */; };
		A91D1C2222C62A0A00359BC9 /* CGFramework.framework in Frameworks */ = {isa = PBXBuildFile; fileRef = A91D1C1A22C6255700359BC9 /* CGFramework.framework */; };
		A91D1C2322C62A0A00359BC9 /* CGFramework.framework in Embed Frameworks */ = {isa = PBXBuildFile; fileRef = A91D1C1A22C6255700359BC9 /* CGFramework.framework */; settings = {ATTRIBUTES = (CodeSignOnCopy, RemoveHeadersOnCopy, ); }; };
		A91D927722D772EA00075A97 /* ChooseBLETableViewController.swift in Sources */ = {isa = PBXBuildFile; fileRef = A91D927622D772EA00075A97 /* ChooseBLETableViewController.swift */; };
		A91D927922D7746C00075A97 /* CoreBluetooth.framework in Frameworks */ = {isa = PBXBuildFile; fileRef = A91D927822D7746C00075A97 /* CoreBluetooth.framework */; };
		A91F35B2229C372C00AEDB5C /* LocationManager.swift in Sources */ = {isa = PBXBuildFile; fileRef = A91F35B1229C372C00AEDB5C /* LocationManager.swift */; };
		A9222C5B22D8A793006F181D /* BleConnected.swift in Sources */ = {isa = PBXBuildFile; fileRef = A9222C5A22D8A793006F181D /* BleConnected.swift */; };
		A9222C5D22D8E266006F181D /* CollectStringFromBLE.swift in Sources */ = {isa = PBXBuildFile; fileRef = A9222C5C22D8E266006F181D /* CollectStringFromBLE.swift */; };
		A9228DBF2278838800B723C1 /* Settings.storyboard in Resources */ = {isa = PBXBuildFile; fileRef = A9228DBE2278838800B723C1 /* Settings.storyboard */; };
		A9228DC12278853B00B723C1 /* TableViewController.swift in Sources */ = {isa = PBXBuildFile; fileRef = A9228DC02278853B00B723C1 /* TableViewController.swift */; };
		A923DB5B22AFC86F00A3CADA /* UIColorHex.swift in Sources */ = {isa = PBXBuildFile; fileRef = A923DB5A22AFC86F00A3CADA /* UIColorHex.swift */; };
		A923DB5D22B1064700A3CADA /* UIViewControllerConfigureNavBar.swift in Sources */ = {isa = PBXBuildFile; fileRef = A923DB5C22B1064700A3CADA /* UIViewControllerConfigureNavBar.swift */; };
		A9363D03228DA1C300EB6C02 /* DataSettingsDelegate.swift in Sources */ = {isa = PBXBuildFile; fileRef = A9363D02228DA1C300EB6C02 /* DataSettingsDelegate.swift */; };
		A951FC2122A801A100D94F34 /* NMEASentenceParser.swift in Sources */ = {isa = PBXBuildFile; fileRef = A951FC2022A801A100D94F34 /* NMEASentenceParser.swift */; };
		A95B9D6D225F7E1800D6D841 /* AppDelegate.swift in Sources */ = {isa = PBXBuildFile; fileRef = A95B9D6C225F7E1800D6D841 /* AppDelegate.swift */; };
		A95B9D75225F7E1800D6D841 /* SNLocation.xcdatamodeld in Sources */ = {isa = PBXBuildFile; fileRef = A95B9D73225F7E1800D6D841 /* SNLocation.xcdatamodeld */; };
		A95B9D77225F7E1B00D6D841 /* Assets.xcassets in Resources */ = {isa = PBXBuildFile; fileRef = A95B9D76225F7E1B00D6D841 /* Assets.xcassets */; };
		A95B9D7A225F7E1B00D6D841 /* LaunchScreen.storyboard in Resources */ = {isa = PBXBuildFile; fileRef = A95B9D78225F7E1B00D6D841 /* LaunchScreen.storyboard */; };
		A95B9D8E2260A47800D6D841 /* ContainerController.swift in Sources */ = {isa = PBXBuildFile; fileRef = A95B9D8D2260A47800D6D841 /* ContainerController.swift */; };
		A95B9D902260A4A300D6D841 /* MenuController.swift in Sources */ = {isa = PBXBuildFile; fileRef = A95B9D8F2260A4A300D6D841 /* MenuController.swift */; };
		A972533A229414CD00FA4920 /* LocationInfo.storyboard in Resources */ = {isa = PBXBuildFile; fileRef = A9725339229414CD00FA4920 /* LocationInfo.storyboard */; };
		A97EDDBB22B167D000FDED05 /* LocalizableLabelString.swift in Sources */ = {isa = PBXBuildFile; fileRef = A97EDDBA22B167D000FDED05 /* LocalizableLabelString.swift */; };
		A98BC72022955357002381D6 /* LocationInfoViewController.swift in Sources */ = {isa = PBXBuildFile; fileRef = A98BC71F22955357002381D6 /* LocationInfoViewController.swift */; };
		A98BC72222958568002381D6 /* LocInfoTableViewController.swift in Sources */ = {isa = PBXBuildFile; fileRef = A98BC72122958567002381D6 /* LocInfoTableViewController.swift */; };
		A99AAF1522B2945000C93348 /* Localizable.strings in Resources */ = {isa = PBXBuildFile; fileRef = A99AAF1722B2945000C93348 /* Localizable.strings */; };
		A9CD877A229E9A96005AF6C4 /* NMEATableViewController.swift in Sources */ = {isa = PBXBuildFile; fileRef = A9CD8778229E9A96005AF6C4 /* NMEATableViewController.swift */; };
		A9CD877B229E9A96005AF6C4 /* NMEATableViewController.xib in Resources */ = {isa = PBXBuildFile; fileRef = A9CD8779229E9A96005AF6C4 /* NMEATableViewController.xib */; };
		A9D6568322663E4F007CF8BC /* AboutController.swift in Sources */ = {isa = PBXBuildFile; fileRef = A9D6568122663E4F007CF8BC /* AboutController.swift */; };
		A9D6568422663E4F007CF8BC /* AboutController.xib in Resources */ = {isa = PBXBuildFile; fileRef = A9D6568222663E4F007CF8BC /* AboutController.xib */; };
		A9D6568B22667286007CF8BC /* HomeController.swift in Sources */ = {isa = PBXBuildFile; fileRef = A9D6568922667286007CF8BC /* HomeController.swift */; };
		A9D6568C22667286007CF8BC /* HomeController.xib in Resources */ = {isa = PBXBuildFile; fileRef = A9D6568A22667286007CF8BC /* HomeController.xib */; };
		A9EC349122CD0AE100069383 /* PopupSatelliteViewController.swift in Sources */ = {isa = PBXBuildFile; fileRef = A9EC349022CD0AE100069383 /* PopupSatelliteViewController.swift */; };
/* End PBXBuildFile section */

/* Begin PBXContainerItemProxy section */
		A91D1C1922C6255700359BC9 /* PBXContainerItemProxy */ = {
			isa = PBXContainerItemProxy;
			containerPortal = A91D1C1522C6255600359BC9 /* CGFramework.xcodeproj */;
			proxyType = 2;
			remoteGlobalIDString = A91D1C0822C621A900359BC9;
			remoteInfo = CGFramework;
		};
		A91D1C2422C62A0A00359BC9 /* PBXContainerItemProxy */ = {
			isa = PBXContainerItemProxy;
			containerPortal = A91D1C1522C6255600359BC9 /* CGFramework.xcodeproj */;
			proxyType = 1;
			remoteGlobalIDString = A91D1C0722C621A900359BC9;
			remoteInfo = CGFramework;
		};
/* End PBXContainerItemProxy section */

/* Begin PBXCopyFilesBuildPhase section */
		A9175E9B227C9130006E5F74 /* Embed Frameworks */ = {
			isa = PBXCopyFilesBuildPhase;
			buildActionMask = 2147483647;
			dstPath = "";
			dstSubfolderSpec = 10;
			files = (
				A91D1C2322C62A0A00359BC9 /* CGFramework.framework in Embed Frameworks */,
			);
			name = "Embed Frameworks";
			runOnlyForDeploymentPostprocessing = 0;
		};
		A91D1BF322BCEC0A00359BC9 /* Embed App Extensions */ = {
			isa = PBXCopyFilesBuildPhase;
			buildActionMask = 2147483647;
			dstPath = "";
			dstSubfolderSpec = 13;
			files = (
			);
			name = "Embed App Extensions";
			runOnlyForDeploymentPostprocessing = 0;
		};
/* End PBXCopyFilesBuildPhase section */

/* Begin PBXFileReference section */
		3950C1AFEBC14DF4C76EF798 /* Pods_CityGNSS.framework */ = {isa = PBXFileReference; explicitFileType = wrapper.framework; includeInIndex = 0; path = Pods_CityGNSS.framework; sourceTree = BUILT_PRODUCTS_DIR; };
		8E776F83EF80FDAB920A312A /* Pods-CityGNSS.debug.xcconfig */ = {isa = PBXFileReference; includeInIndex = 1; lastKnownFileType = text.xcconfig; name = "Pods-CityGNSS.debug.xcconfig"; path = "Target Support Files/Pods-CityGNSS/Pods-CityGNSS.debug.xcconfig"; sourceTree = "<group>"; };
		A90A7F06227AFF9E0078E78B /* SelectConstellationTableViewController.swift */ = {isa = PBXFileReference; lastKnownFileType = sourcecode.swift; path = SelectConstellationTableViewController.swift; sourceTree = "<group>"; };
		A90A7F0B227B4E6F0078E78B /* MapKit.framework */ = {isa = PBXFileReference; lastKnownFileType = wrapper.framework; name = MapKit.framework; path = System/Library/Frameworks/MapKit.framework; sourceTree = SDKROOT; };
		A912F82122BA373C00838864 /* GenerateNMEA.swift */ = {isa = PBXFileReference; lastKnownFileType = sourcecode.swift; path = GenerateNMEA.swift; sourceTree = "<group>"; };
		A919085C22649CC600186911 /* MenuOptionCell.swift */ = {isa = PBXFileReference; lastKnownFileType = sourcecode.swift; path = MenuOptionCell.swift; sourceTree = "<group>"; };
		A919085E2264BBDE00186911 /* MenuOption.swift */ = {isa = PBXFileReference; lastKnownFileType = sourcecode.swift; path = MenuOption.swift; sourceTree = "<group>"; };
		A91D1BE522BCEC0A00359BC9 /* Media.xcassets */ = {isa = PBXFileReference; lastKnownFileType = folder.assetcatalog; path = Media.xcassets; sourceTree = "<group>"; };
		A91D1BE722BCEC0A00359BC9 /* ActionViewController.swift */ = {isa = PBXFileReference; lastKnownFileType = sourcecode.swift; path = ActionViewController.swift; sourceTree = "<group>"; };
		A91D1BEA22BCEC0A00359BC9 /* Base */ = {isa = PBXFileReference; lastKnownFileType = file.storyboard; name = Base; path = Base.lproj/MainInterface.storyboard; sourceTree = "<group>"; };
		A91D1BEC22BCEC0A00359BC9 /* Info.plist */ = {isa = PBXFileReference; lastKnownFileType = text.plist.xml; path = Info.plist; sourceTree = "<group>"; };
		A91D1BF422C3AAA500359BC9 /* SatelliteList.storyboard */ = {isa = PBXFileReference; lastKnownFileType = file.storyboard; path = SatelliteList.storyboard; sourceTree = "<group>"; };
		A91D1BF622C3AB2500359BC9 /* SatelliteListViewController.swift */ = {isa = PBXFileReference; lastKnownFileType = sourcecode.swift; path = SatelliteListViewController.swift; sourceTree = "<group>"; };
		A91D1BF822C4C63300359BC9 /* SatelliteTableViewController.swift */ = {isa = PBXFileReference; lastKnownFileType = sourcecode.swift; path = SatelliteTableViewController.swift; sourceTree = "<group>"; };
		A91D1BFA22C4C73300359BC9 /* SatelliteTableViewCell.swift */ = {isa = PBXFileReference; lastKnownFileType = sourcecode.swift; path = SatelliteTableViewCell.swift; sourceTree = "<group>"; };
		A91D1BFB22C4C73300359BC9 /* SatelliteTableViewCell.xib */ = {isa = PBXFileReference; lastKnownFileType = file.xib; path = SatelliteTableViewCell.xib; sourceTree = "<group>"; };
		A91D1C1322C6221B00359BC9 /* CGFramework */ = {isa = PBXFileReference; lastKnownFileType = folder; path = CGFramework; sourceTree = "<group>"; };
		A91D1C1522C6255600359BC9 /* CGFramework.xcodeproj */ = {isa = PBXFileReference; lastKnownFileType = "wrapper.pb-project"; name = CGFramework.xcodeproj; path = CGFramework/CGFramework.xcodeproj; sourceTree = "<group>"; };
		A91D927622D772EA00075A97 /* ChooseBLETableViewController.swift */ = {isa = PBXFileReference; lastKnownFileType = sourcecode.swift; path = ChooseBLETableViewController.swift; sourceTree = "<group>"; };
		A91D927822D7746C00075A97 /* CoreBluetooth.framework */ = {isa = PBXFileReference; lastKnownFileType = wrapper.framework; name = CoreBluetooth.framework; path = System/Library/Frameworks/CoreBluetooth.framework; sourceTree = SDKROOT; };
		A91F35B1229C372C00AEDB5C /* LocationManager.swift */ = {isa = PBXFileReference; lastKnownFileType = sourcecode.swift; path = LocationManager.swift; sourceTree = "<group>"; };
		A9222C5A22D8A793006F181D /* BleConnected.swift */ = {isa = PBXFileReference; lastKnownFileType = sourcecode.swift; path = BleConnected.swift; sourceTree = "<group>"; };
		A9222C5C22D8E266006F181D /* CollectStringFromBLE.swift */ = {isa = PBXFileReference; lastKnownFileType = sourcecode.swift; path = CollectStringFromBLE.swift; sourceTree = "<group>"; };
		A9228DBE2278838800B723C1 /* Settings.storyboard */ = {isa = PBXFileReference; lastKnownFileType = file.storyboard; path = Settings.storyboard; sourceTree = "<group>"; };
		A9228DC02278853B00B723C1 /* TableViewController.swift */ = {isa = PBXFileReference; lastKnownFileType = sourcecode.swift; path = TableViewController.swift; sourceTree = "<group>"; };
		A923DB5A22AFC86F00A3CADA /* UIColorHex.swift */ = {isa = PBXFileReference; lastKnownFileType = sourcecode.swift; path = UIColorHex.swift; sourceTree = "<group>"; };
		A923DB5C22B1064700A3CADA /* UIViewControllerConfigureNavBar.swift */ = {isa = PBXFileReference; lastKnownFileType = sourcecode.swift; path = UIViewControllerConfigureNavBar.swift; sourceTree = "<group>"; };
		A9363D02228DA1C300EB6C02 /* DataSettingsDelegate.swift */ = {isa = PBXFileReference; lastKnownFileType = sourcecode.swift; path = DataSettingsDelegate.swift; sourceTree = "<group>"; };
		A951FC2022A801A100D94F34 /* NMEASentenceParser.swift */ = {isa = PBXFileReference; lastKnownFileType = sourcecode.swift; path = NMEASentenceParser.swift; sourceTree = "<group>"; };
		A95B9D69225F7E1800D6D841 /* CityGNSS.app */ = {isa = PBXFileReference; explicitFileType = wrapper.application; includeInIndex = 0; path = CityGNSS.app; sourceTree = BUILT_PRODUCTS_DIR; };
		A95B9D6C225F7E1800D6D841 /* AppDelegate.swift */ = {isa = PBXFileReference; lastKnownFileType = sourcecode.swift; path = AppDelegate.swift; sourceTree = "<group>"; };
		A95B9D74225F7E1800D6D841 /* SNLocation.xcdatamodel */ = {isa = PBXFileReference; lastKnownFileType = wrapper.xcdatamodel; path = SNLocation.xcdatamodel; sourceTree = "<group>"; };
		A95B9D76225F7E1B00D6D841 /* Assets.xcassets */ = {isa = PBXFileReference; lastKnownFileType = folder.assetcatalog; path = Assets.xcassets; sourceTree = "<group>"; };
		A95B9D79225F7E1B00D6D841 /* Base */ = {isa = PBXFileReference; lastKnownFileType = file.storyboard; name = Base; path = Base.lproj/LaunchScreen.storyboard; sourceTree = "<group>"; };
		A95B9D7B225F7E1B00D6D841 /* Info.plist */ = {isa = PBXFileReference; lastKnownFileType = text.plist.xml; path = Info.plist; sourceTree = "<group>"; };
		A95B9D8D2260A47800D6D841 /* ContainerController.swift */ = {isa = PBXFileReference; lastKnownFileType = sourcecode.swift; path = ContainerController.swift; sourceTree = "<group>"; };
		A95B9D8F2260A4A300D6D841 /* MenuController.swift */ = {isa = PBXFileReference; lastKnownFileType = sourcecode.swift; path = MenuController.swift; sourceTree = "<group>"; };
		A9725339229414CD00FA4920 /* LocationInfo.storyboard */ = {isa = PBXFileReference; lastKnownFileType = file.storyboard; path = LocationInfo.storyboard; sourceTree = "<group>"; };
		A97EDDBA22B167D000FDED05 /* LocalizableLabelString.swift */ = {isa = PBXFileReference; lastKnownFileType = sourcecode.swift; path = LocalizableLabelString.swift; sourceTree = "<group>"; };
		A98BC71F22955357002381D6 /* LocationInfoViewController.swift */ = {isa = PBXFileReference; lastKnownFileType = sourcecode.swift; path = LocationInfoViewController.swift; sourceTree = "<group>"; };
		A98BC72122958567002381D6 /* LocInfoTableViewController.swift */ = {isa = PBXFileReference; lastKnownFileType = sourcecode.swift; path = LocInfoTableViewController.swift; sourceTree = "<group>"; };
		A99AAF1622B2945000C93348 /* en */ = {isa = PBXFileReference; lastKnownFileType = text.plist.strings; name = en; path = en.lproj/Localizable.strings; sourceTree = "<group>"; };
		A99AAF1822B2945200C93348 /* pt-PT */ = {isa = PBXFileReference; lastKnownFileType = text.plist.strings; name = "pt-PT"; path = "pt-PT.lproj/Localizable.strings"; sourceTree = "<group>"; };
		A9A6F6AE22B16114007AFA83 /* pt-PT */ = {isa = PBXFileReference; lastKnownFileType = text.plist.strings; name = "pt-PT"; path = "pt-PT.lproj/LaunchScreen.strings"; sourceTree = "<group>"; };
		A9CD8778229E9A96005AF6C4 /* NMEATableViewController.swift */ = {isa = PBXFileReference; lastKnownFileType = sourcecode.swift; path = NMEATableViewController.swift; sourceTree = "<group>"; };
		A9CD8779229E9A96005AF6C4 /* NMEATableViewController.xib */ = {isa = PBXFileReference; lastKnownFileType = file.xib; path = NMEATableViewController.xib; sourceTree = "<group>"; };
		A9D6568122663E4F007CF8BC /* AboutController.swift */ = {isa = PBXFileReference; lastKnownFileType = sourcecode.swift; path = AboutController.swift; sourceTree = "<group>"; };
		A9D6568222663E4F007CF8BC /* AboutController.xib */ = {isa = PBXFileReference; lastKnownFileType = file.xib; path = AboutController.xib; sourceTree = "<group>"; };
		A9D6568922667286007CF8BC /* HomeController.swift */ = {isa = PBXFileReference; lastKnownFileType = sourcecode.swift; path = HomeController.swift; sourceTree = "<group>"; };
		A9D6568A22667286007CF8BC /* HomeController.xib */ = {isa = PBXFileReference; lastKnownFileType = file.xib; path = HomeController.xib; sourceTree = "<group>"; };
		A9EC349022CD0AE100069383 /* PopupSatelliteViewController.swift */ = {isa = PBXFileReference; lastKnownFileType = sourcecode.swift; path = PopupSatelliteViewController.swift; sourceTree = "<group>"; };
		EC665CF0BD20E4A6E0CC2FC4 /* Pods-CityGNSS.release.xcconfig */ = {isa = PBXFileReference; includeInIndex = 1; lastKnownFileType = text.xcconfig; name = "Pods-CityGNSS.release.xcconfig"; path = "Target Support Files/Pods-CityGNSS/Pods-CityGNSS.release.xcconfig"; sourceTree = "<group>"; };
/* End PBXFileReference section */

/* Begin PBXFrameworksBuildPhase section */
		A95B9D66225F7E1800D6D841 /* Frameworks */ = {
			isa = PBXFrameworksBuildPhase;
			buildActionMask = 2147483647;
			files = (
				A91D927922D7746C00075A97 /* CoreBluetooth.framework in Frameworks */,
				A90A7F0C227B4E6F0078E78B /* MapKit.framework in Frameworks */,
				A91D1C2222C62A0A00359BC9 /* CGFramework.framework in Frameworks */,
				8D8F04C95AB184CC3A721789 /* Pods_CityGNSS.framework in Frameworks */,
			);
			runOnlyForDeploymentPostprocessing = 0;
		};
/* End PBXFrameworksBuildPhase section */

/* Begin PBXGroup section */
		2E7A0309C8C86874E3AD386B /* Pods */ = {
			isa = PBXGroup;
			children = (
				8E776F83EF80FDAB920A312A /* Pods-CityGNSS.debug.xcconfig */,
				EC665CF0BD20E4A6E0CC2FC4 /* Pods-CityGNSS.release.xcconfig */,
			);
			path = Pods;
			sourceTree = "<group>";
		};
		A90A7F08227B07420078E78B /* Home */ = {
			isa = PBXGroup;
			children = (
				A9D6568A22667286007CF8BC /* HomeController.xib */,
				A9D6568922667286007CF8BC /* HomeController.swift */,
			);
			path = Home;
			sourceTree = "<group>";
		};
		A90A7F09227B07520078E78B /* About */ = {
			isa = PBXGroup;
			children = (
				A9D6568122663E4F007CF8BC /* AboutController.swift */,
				A9D6568222663E4F007CF8BC /* AboutController.xib */,
			);
			path = About;
			sourceTree = "<group>";
		};
		A90A7F0A227B4E6F0078E78B /* Frameworks */ = {
			isa = PBXGroup;
			children = (
				A91D927822D7746C00075A97 /* CoreBluetooth.framework */,
				A91D1C1522C6255600359BC9 /* CGFramework.xcodeproj */,
				A90A7F0B227B4E6F0078E78B /* MapKit.framework */,
				3950C1AFEBC14DF4C76EF798 /* Pods_CityGNSS.framework */,
			);
			name = Frameworks;
			sourceTree = "<group>";
		};
		A911324122788231008C85A8 /* Settings */ = {
			isa = PBXGroup;
			children = (
				A9228DBE2278838800B723C1 /* Settings.storyboard */,
				A9228DC02278853B00B723C1 /* TableViewController.swift */,
				A90A7F06227AFF9E0078E78B /* SelectConstellationTableViewController.swift */,
				A9363D02228DA1C300EB6C02 /* DataSettingsDelegate.swift */,
				A91D927622D772EA00075A97 /* ChooseBLETableViewController.swift */,
			);
			path = Settings;
			sourceTree = "<group>";
		};
		A914E3BA2292C46A00585EFE /* SatelliteList */ = {
			isa = PBXGroup;
			children = (
				A91D1BF422C3AAA500359BC9 /* SatelliteList.storyboard */,
				A91D1BF622C3AB2500359BC9 /* SatelliteListViewController.swift */,
				A91D1BF822C4C63300359BC9 /* SatelliteTableViewController.swift */,
				A91D1BFA22C4C73300359BC9 /* SatelliteTableViewCell.swift */,
				A91D1BFB22C4C73300359BC9 /* SatelliteTableViewCell.xib */,
				A9EC349022CD0AE100069383 /* PopupSatelliteViewController.swift */,
			);
			path = SatelliteList;
			sourceTree = "<group>";
		};
		A914E3BB2292C47600585EFE /* LocationInfo */ = {
			isa = PBXGroup;
			children = (
				A9725339229414CD00FA4920 /* LocationInfo.storyboard */,
				A98BC71F22955357002381D6 /* LocationInfoViewController.swift */,
				A98BC72122958567002381D6 /* LocInfoTableViewController.swift */,
			);
			path = LocationInfo;
			sourceTree = "<group>";
		};
		A914E3BC2292C48E00585EFE /* NMEAdata */ = {
			isa = PBXGroup;
			children = (
				A9CD8778229E9A96005AF6C4 /* NMEATableViewController.swift */,
				A9CD8779229E9A96005AF6C4 /* NMEATableViewController.xib */,
				A951FC2022A801A100D94F34 /* NMEASentenceParser.swift */,
				A912F82122BA373C00838864 /* GenerateNMEA.swift */,
				A9222C5C22D8E266006F181D /* CollectStringFromBLE.swift */,
			);
			path = NMEAdata;
			sourceTree = "<group>";
		};
		A919085722648B3500186911 /* Utils */ = {
			isa = PBXGroup;
			children = (
				A923DB5A22AFC86F00A3CADA /* UIColorHex.swift */,
				A923DB5C22B1064700A3CADA /* UIViewControllerConfigureNavBar.swift */,
				A97EDDBA22B167D000FDED05 /* LocalizableLabelString.swift */,
				A9222C5A22D8A793006F181D /* BleConnected.swift */,
			);
			path = Utils;
			sourceTree = "<group>";
		};
		A919085822648B5F00186911 /* Model */ = {
			isa = PBXGroup;
			children = (
				A919085E2264BBDE00186911 /* MenuOption.swift */,
			);
			path = Model;
			sourceTree = "<group>";
		};
		A919085922648B6700186911 /* View */ = {
			isa = PBXGroup;
			children = (
				A914E3BC2292C48E00585EFE /* NMEAdata */,
				A914E3BB2292C47600585EFE /* LocationInfo */,
				A914E3BA2292C46A00585EFE /* SatelliteList */,
				A90A7F09227B07520078E78B /* About */,
				A911324122788231008C85A8 /* Settings */,
				A90A7F08227B07420078E78B /* Home */,
			);
			path = View;
			sourceTree = "<group>";
		};
		A91D1BE422BCEC0A00359BC9 /* SaveItAction */ = {
			isa = PBXGroup;
			children = (
				A91D1BE522BCEC0A00359BC9 /* Media.xcassets */,
				A91D1BE722BCEC0A00359BC9 /* ActionViewController.swift */,
				A91D1BE922BCEC0A00359BC9 /* MainInterface.storyboard */,
				A91D1BEC22BCEC0A00359BC9 /* Info.plist */,
			);
			path = SaveItAction;
			sourceTree = "<group>";
		};
		A91D1C1622C6255600359BC9 /* Products */ = {
			isa = PBXGroup;
			children = (
				A91D1C1A22C6255700359BC9 /* CGFramework.framework */,
			);
			name = Products;
			sourceTree = "<group>";
		};
		A91F35B3229C373200AEDB5C /* LogicLocationManager */ = {
			isa = PBXGroup;
			children = (
				A91F35B1229C372C00AEDB5C /* LocationManager.swift */,
			);
			path = LogicLocationManager;
			sourceTree = "<group>";
		};
		A95B9D60225F7E1800D6D841 = {
			isa = PBXGroup;
			children = (
				A91D1C1322C6221B00359BC9 /* CGFramework */,
				A9902A5D22B2931800E6AADA /* SupportingLanguage */,
				A91F35B3229C373200AEDB5C /* LogicLocationManager */,
				A919085722648B3500186911 /* Utils */,
				A919085822648B5F00186911 /* Model */,
				A919085922648B6700186911 /* View */,
				A95B9D8A2260A41700D6D841 /* Controller */,
				A95B9D6B225F7E1800D6D841 /* CityGNSSMain */,
				A91D1BE422BCEC0A00359BC9 /* SaveItAction */,
				A95B9D6A225F7E1800D6D841 /* Products */,
				A90A7F0A227B4E6F0078E78B /* Frameworks */,
				2E7A0309C8C86874E3AD386B /* Pods */,
			);
			sourceTree = "<group>";
		};
		A95B9D6A225F7E1800D6D841 /* Products */ = {
			isa = PBXGroup;
			children = (
				A95B9D69225F7E1800D6D841 /* CityGNSS.app */,
			);
			name = Products;
			sourceTree = "<group>";
		};
		A95B9D6B225F7E1800D6D841 /* CityGNSSMain */ = {
			isa = PBXGroup;
			children = (
				A95B9D6C225F7E1800D6D841 /* AppDelegate.swift */,
				A95B9D76225F7E1B00D6D841 /* Assets.xcassets */,
				A95B9D78225F7E1B00D6D841 /* LaunchScreen.storyboard */,
				A95B9D7B225F7E1B00D6D841 /* Info.plist */,
				A95B9D73225F7E1800D6D841 /* SNLocation.xcdatamodeld */,
			);
			path = CityGNSSMain;
			sourceTree = "<group>";
		};
		A95B9D8A2260A41700D6D841 /* Controller */ = {
			isa = PBXGroup;
			children = (
				A95B9D8D2260A47800D6D841 /* ContainerController.swift */,
				A919085C22649CC600186911 /* MenuOptionCell.swift */,
				A95B9D8F2260A4A300D6D841 /* MenuController.swift */,
			);
			path = Controller;
			sourceTree = SOURCE_ROOT;
		};
		A9902A5D22B2931800E6AADA /* SupportingLanguage */ = {
			isa = PBXGroup;
			children = (
				A99AAF1722B2945000C93348 /* Localizable.strings */,
			);
			path = SupportingLanguage;
			sourceTree = "<group>";
		};
/* End PBXGroup section */

/* Begin PBXNativeTarget section */
		A95B9D68225F7E1800D6D841 /* CityGNSS */ = {
			isa = PBXNativeTarget;
			buildConfigurationList = A95B9D7E225F7E1B00D6D841 /* Build configuration list for PBXNativeTarget "CityGNSS" */;
			buildPhases = (
				BBA2C533549B84844AC95691 /* [CP] Check Pods Manifest.lock */,
				A95B9D65225F7E1800D6D841 /* Sources */,
				A95B9D66225F7E1800D6D841 /* Frameworks */,
				A95B9D67225F7E1800D6D841 /* Resources */,
				A9175E9B227C9130006E5F74 /* Embed Frameworks */,
				A91D1BF322BCEC0A00359BC9 /* Embed App Extensions */,
			);
			buildRules = (
			);
			dependencies = (
				A91D1C2522C62A0A00359BC9 /* PBXTargetDependency */,
			);
			name = CityGNSS;
			productName = SNLocation;
			productReference = A95B9D69225F7E1800D6D841 /* CityGNSS.app */;
			productType = "com.apple.product-type.application";
		};
/* End PBXNativeTarget section */

/* Begin PBXProject section */
		A95B9D61225F7E1800D6D841 /* Project object */ = {
			isa = PBXProject;
			attributes = {
				LastSwiftUpdateCheck = 1020;
				LastUpgradeCheck = 1020;
				ORGANIZATIONNAME = "Tiago Maia";
				TargetAttributes = {
					A95B9D68225F7E1800D6D841 = {
						CreatedOnToolsVersion = 10.2;
						SystemCapabilities = {
							com.apple.BackgroundModes = {
								enabled = 1;
							};
							com.apple.Maps.iOS = {
								enabled = 1;
							};
						};
					};
				};
			};
			buildConfigurationList = A95B9D64225F7E1800D6D841 /* Build configuration list for PBXProject "CityGNSS" */;
			compatibilityVersion = "Xcode 9.3";
			developmentRegion = en;
			hasScannedForEncodings = 0;
			knownRegions = (
				en,
				Base,
				"pt-PT",
			);
			mainGroup = A95B9D60225F7E1800D6D841;
			productRefGroup = A95B9D6A225F7E1800D6D841 /* Products */;
			projectDirPath = "";
			projectReferences = (
				{
					ProductGroup = A91D1C1622C6255600359BC9 /* Products */;
					ProjectRef = A91D1C1522C6255600359BC9 /* CGFramework.xcodeproj */;
				},
			);
			projectRoot = "";
			targets = (
				A95B9D68225F7E1800D6D841 /* CityGNSS */,
			);
		};
/* End PBXProject section */

/* Begin PBXReferenceProxy section */
		A91D1C1A22C6255700359BC9 /* CGFramework.framework */ = {
			isa = PBXReferenceProxy;
			fileType = wrapper.framework;
			path = CGFramework.framework;
			remoteRef = A91D1C1922C6255700359BC9 /* PBXContainerItemProxy */;
			sourceTree = BUILT_PRODUCTS_DIR;
		};
/* End PBXReferenceProxy section */

/* Begin PBXResourcesBuildPhase section */
		A95B9D67225F7E1800D6D841 /* Resources */ = {
			isa = PBXResourcesBuildPhase;
			buildActionMask = 2147483647;
			files = (
				A91D1BF522C3AAA500359BC9 /* SatelliteList.storyboard in Resources */,
				A95B9D7A225F7E1B00D6D841 /* LaunchScreen.storyboard in Resources */,
				A95B9D77225F7E1B00D6D841 /* Assets.xcassets in Resources */,
				A9D6568422663E4F007CF8BC /* AboutController.xib in Resources */,
				A91D1C1422C6221C00359BC9 /* CGFramework in Resources */,
				A9228DBF2278838800B723C1 /* Settings.storyboard in Resources */,
				A9CD877B229E9A96005AF6C4 /* NMEATableViewController.xib in Resources */,
				A99AAF1522B2945000C93348 /* Localizable.strings in Resources */,
				A9D6568C22667286007CF8BC /* HomeController.xib in Resources */,
				A972533A229414CD00FA4920 /* LocationInfo.storyboard in Resources */,
				A91D1BFD22C4C73300359BC9 /* SatelliteTableViewCell.xib in Resources */,
			);
			runOnlyForDeploymentPostprocessing = 0;
		};
/* End PBXResourcesBuildPhase section */

/* Begin PBXShellScriptBuildPhase section */
		BBA2C533549B84844AC95691 /* [CP] Check Pods Manifest.lock */ = {
			isa = PBXShellScriptBuildPhase;
			buildActionMask = 2147483647;
			files = (
			);
			inputFileListPaths = (
			);
			inputPaths = (
				"${PODS_PODFILE_DIR_PATH}/Podfile.lock",
				"${PODS_ROOT}/Manifest.lock",
			);
			name = "[CP] Check Pods Manifest.lock";
			outputFileListPaths = (
			);
			outputPaths = (
				"$(DERIVED_FILE_DIR)/Pods-CityGNSS-checkManifestLockResult.txt",
			);
			runOnlyForDeploymentPostprocessing = 0;
			shellPath = /bin/sh;
			shellScript = "diff \"${PODS_PODFILE_DIR_PATH}/Podfile.lock\" \"${PODS_ROOT}/Manifest.lock\" > /dev/null\nif [ $? != 0 ] ; then\n    # print error to STDERR\n    echo \"error: The sandbox is not in sync with the Podfile.lock. Run 'pod install' or update your CocoaPods installation.\" >&2\n    exit 1\nfi\n# This output is used by Xcode 'outputs' to avoid re-running this script phase.\necho \"SUCCESS\" > \"${SCRIPT_OUTPUT_FILE_0}\"\n";
			showEnvVarsInLog = 0;
		};
/* End PBXShellScriptBuildPhase section */

/* Begin PBXSourcesBuildPhase section */
		A95B9D65225F7E1800D6D841 /* Sources */ = {
			isa = PBXSourcesBuildPhase;
			buildActionMask = 2147483647;
			files = (
				A919085D22649CC600186911 /* MenuOptionCell.swift in Sources */,
				A923DB5D22B1064700A3CADA /* UIViewControllerConfigureNavBar.swift in Sources */,
				A919085F2264BBDE00186911 /* MenuOption.swift in Sources */,
				A9EC349122CD0AE100069383 /* PopupSatelliteViewController.swift in Sources */,
				A98BC72022955357002381D6 /* LocationInfoViewController.swift in Sources */,
				A98BC72222958568002381D6 /* LocInfoTableViewController.swift in Sources */,
				A95B9D8E2260A47800D6D841 /* ContainerController.swift in Sources */,
				A95B9D75225F7E1800D6D841 /* SNLocation.xcdatamodeld in Sources */,
				A951FC2122A801A100D94F34 /* NMEASentenceParser.swift in Sources */,
				A923DB5B22AFC86F00A3CADA /* UIColorHex.swift in Sources */,
				A91D1BF722C3AB2500359BC9 /* SatelliteListViewController.swift in Sources */,
				A90A7F07227AFF9E0078E78B /* SelectConstellationTableViewController.swift in Sources */,
				A9222C5D22D8E266006F181D /* CollectStringFromBLE.swift in Sources */,
				A91D927722D772EA00075A97 /* ChooseBLETableViewController.swift in Sources */,
				A9D6568B22667286007CF8BC /* HomeController.swift in Sources */,
				A9228DC12278853B00B723C1 /* TableViewController.swift in Sources */,
				A95B9D902260A4A300D6D841 /* MenuController.swift in Sources */,
				A912F82222BA373C00838864 /* GenerateNMEA.swift in Sources */,
				A9222C5B22D8A793006F181D /* BleConnected.swift in Sources */,
				A9CD877A229E9A96005AF6C4 /* NMEATableViewController.swift in Sources */,
				A91D1BFC22C4C73300359BC9 /* SatelliteTableViewCell.swift in Sources */,
				A91F35B2229C372C00AEDB5C /* LocationManager.swift in Sources */,
				A9363D03228DA1C300EB6C02 /* DataSettingsDelegate.swift in Sources */,
				A95B9D6D225F7E1800D6D841 /* AppDelegate.swift in Sources */,
				A97EDDBB22B167D000FDED05 /* LocalizableLabelString.swift in Sources */,
				A9D6568322663E4F007CF8BC /* AboutController.swift in Sources */,
				A91D1BF922C4C63300359BC9 /* SatelliteTableViewController.swift in Sources */,
			);
			runOnlyForDeploymentPostprocessing = 0;
		};
/* End PBXSourcesBuildPhase section */

/* Begin PBXTargetDependency section */
		A91D1C2522C62A0A00359BC9 /* PBXTargetDependency */ = {
			isa = PBXTargetDependency;
			name = CGFramework;
			targetProxy = A91D1C2422C62A0A00359BC9 /* PBXContainerItemProxy */;
		};
/* End PBXTargetDependency section */

/* Begin PBXVariantGroup section */
		A91D1BE922BCEC0A00359BC9 /* MainInterface.storyboard */ = {
			isa = PBXVariantGroup;
			children = (
				A91D1BEA22BCEC0A00359BC9 /* Base */,
			);
			name = MainInterface.storyboard;
			sourceTree = "<group>";
		};
		A95B9D78225F7E1B00D6D841 /* LaunchScreen.storyboard */ = {
			isa = PBXVariantGroup;
			children = (
				A95B9D79225F7E1B00D6D841 /* Base */,
				A9A6F6AE22B16114007AFA83 /* pt-PT */,
			);
			name = LaunchScreen.storyboard;
			sourceTree = "<group>";
		};
		A99AAF1722B2945000C93348 /* Localizable.strings */ = {
			isa = PBXVariantGroup;
			children = (
				A99AAF1622B2945000C93348 /* en */,
				A99AAF1822B2945200C93348 /* pt-PT */,
			);
			name = Localizable.strings;
			sourceTree = "<group>";
		};
/* End PBXVariantGroup section */

/* Begin XCBuildConfiguration section */
		A95B9D7C225F7E1B00D6D841 /* Debug */ = {
			isa = XCBuildConfiguration;
			buildSettings = {
				ALWAYS_SEARCH_USER_PATHS = NO;
				CLANG_ANALYZER_LOCALIZABILITY_NONLOCALIZED = YES;
				CLANG_ANALYZER_NONNULL = YES;
				CLANG_ANALYZER_NUMBER_OBJECT_CONVERSION = YES_AGGRESSIVE;
				CLANG_CXX_LANGUAGE_STANDARD = "gnu++14";
				CLANG_CXX_LIBRARY = "libc++";
				CLANG_ENABLE_MODULES = YES;
				CLANG_ENABLE_OBJC_ARC = YES;
				CLANG_ENABLE_OBJC_WEAK = YES;
				CLANG_WARN_BLOCK_CAPTURE_AUTORELEASING = YES;
				CLANG_WARN_BOOL_CONVERSION = YES;
				CLANG_WARN_COMMA = YES;
				CLANG_WARN_CONSTANT_CONVERSION = YES;
				CLANG_WARN_DEPRECATED_OBJC_IMPLEMENTATIONS = YES;
				CLANG_WARN_DIRECT_OBJC_ISA_USAGE = YES_ERROR;
				CLANG_WARN_DOCUMENTATION_COMMENTS = YES;
				CLANG_WARN_EMPTY_BODY = YES;
				CLANG_WARN_ENUM_CONVERSION = YES;
				CLANG_WARN_INFINITE_RECURSION = YES;
				CLANG_WARN_INT_CONVERSION = YES;
				CLANG_WARN_NON_LITERAL_NULL_CONVERSION = YES;
				CLANG_WARN_OBJC_IMPLICIT_RETAIN_SELF = YES;
				CLANG_WARN_OBJC_LITERAL_CONVERSION = YES;
				CLANG_WARN_OBJC_ROOT_CLASS = YES_ERROR;
				CLANG_WARN_RANGE_LOOP_ANALYSIS = YES;
				CLANG_WARN_STRICT_PROTOTYPES = YES;
				CLANG_WARN_SUSPICIOUS_MOVE = YES;
				CLANG_WARN_UNGUARDED_AVAILABILITY = YES_AGGRESSIVE;
				CLANG_WARN_UNREACHABLE_CODE = YES;
				CLANG_WARN__DUPLICATE_METHOD_MATCH = YES;
				CODE_SIGN_IDENTITY = "iPhone Developer";
				COPY_PHASE_STRIP = NO;
				DEBUG_INFORMATION_FORMAT = dwarf;
				ENABLE_STRICT_OBJC_MSGSEND = YES;
				ENABLE_TESTABILITY = YES;
				GCC_C_LANGUAGE_STANDARD = gnu11;
				GCC_DYNAMIC_NO_PIC = NO;
				GCC_NO_COMMON_BLOCKS = YES;
				GCC_OPTIMIZATION_LEVEL = 0;
				GCC_PREPROCESSOR_DEFINITIONS = (
					"DEBUG=1",
					"$(inherited)",
				);
				GCC_WARN_64_TO_32_BIT_CONVERSION = YES;
				GCC_WARN_ABOUT_RETURN_TYPE = YES_ERROR;
				GCC_WARN_UNDECLARED_SELECTOR = YES;
				GCC_WARN_UNINITIALIZED_AUTOS = YES_AGGRESSIVE;
				GCC_WARN_UNUSED_FUNCTION = YES;
				GCC_WARN_UNUSED_VARIABLE = YES;
				IPHONEOS_DEPLOYMENT_TARGET = 12.2;
				MTL_ENABLE_DEBUG_INFO = INCLUDE_SOURCE;
				MTL_FAST_MATH = YES;
				ONLY_ACTIVE_ARCH = YES;
				SDKROOT = iphoneos;
				SWIFT_ACTIVE_COMPILATION_CONDITIONS = DEBUG;
				SWIFT_OPTIMIZATION_LEVEL = "-Onone";
				SWIFT_VERSION = 5.0;
			};
			name = Debug;
		};
		A95B9D7D225F7E1B00D6D841 /* Release */ = {
			isa = XCBuildConfiguration;
			buildSettings = {
				ALWAYS_SEARCH_USER_PATHS = NO;
				CLANG_ANALYZER_LOCALIZABILITY_NONLOCALIZED = YES;
				CLANG_ANALYZER_NONNULL = YES;
				CLANG_ANALYZER_NUMBER_OBJECT_CONVERSION = YES_AGGRESSIVE;
				CLANG_CXX_LANGUAGE_STANDARD = "gnu++14";
				CLANG_CXX_LIBRARY = "libc++";
				CLANG_ENABLE_MODULES = YES;
				CLANG_ENABLE_OBJC_ARC = YES;
				CLANG_ENABLE_OBJC_WEAK = YES;
				CLANG_WARN_BLOCK_CAPTURE_AUTORELEASING = YES;
				CLANG_WARN_BOOL_CONVERSION = YES;
				CLANG_WARN_COMMA = YES;
				CLANG_WARN_CONSTANT_CONVERSION = YES;
				CLANG_WARN_DEPRECATED_OBJC_IMPLEMENTATIONS = YES;
				CLANG_WARN_DIRECT_OBJC_ISA_USAGE = YES_ERROR;
				CLANG_WARN_DOCUMENTATION_COMMENTS = YES;
				CLANG_WARN_EMPTY_BODY = YES;
				CLANG_WARN_ENUM_CONVERSION = YES;
				CLANG_WARN_INFINITE_RECURSION = YES;
				CLANG_WARN_INT_CONVERSION = YES;
				CLANG_WARN_NON_LITERAL_NULL_CONVERSION = YES;
				CLANG_WARN_OBJC_IMPLICIT_RETAIN_SELF = YES;
				CLANG_WARN_OBJC_LITERAL_CONVERSION = YES;
				CLANG_WARN_OBJC_ROOT_CLASS = YES_ERROR;
				CLANG_WARN_RANGE_LOOP_ANALYSIS = YES;
				CLANG_WARN_STRICT_PROTOTYPES = YES;
				CLANG_WARN_SUSPICIOUS_MOVE = YES;
				CLANG_WARN_UNGUARDED_AVAILABILITY = YES_AGGRESSIVE;
				CLANG_WARN_UNREACHABLE_CODE = YES;
				CLANG_WARN__DUPLICATE_METHOD_MATCH = YES;
				CODE_SIGN_IDENTITY = "iPhone Developer";
				COPY_PHASE_STRIP = NO;
				DEBUG_INFORMATION_FORMAT = "dwarf-with-dsym";
				ENABLE_NS_ASSERTIONS = NO;
				ENABLE_STRICT_OBJC_MSGSEND = YES;
				GCC_C_LANGUAGE_STANDARD = gnu11;
				GCC_NO_COMMON_BLOCKS = YES;
				GCC_WARN_64_TO_32_BIT_CONVERSION = YES;
				GCC_WARN_ABOUT_RETURN_TYPE = YES_ERROR;
				GCC_WARN_UNDECLARED_SELECTOR = YES;
				GCC_WARN_UNINITIALIZED_AUTOS = YES_AGGRESSIVE;
				GCC_WARN_UNUSED_FUNCTION = YES;
				GCC_WARN_UNUSED_VARIABLE = YES;
				IPHONEOS_DEPLOYMENT_TARGET = 12.2;
				MTL_ENABLE_DEBUG_INFO = NO;
				MTL_FAST_MATH = YES;
				SDKROOT = iphoneos;
				SWIFT_COMPILATION_MODE = wholemodule;
				SWIFT_OPTIMIZATION_LEVEL = "-O";
				SWIFT_VERSION = 5.0;
				VALIDATE_PRODUCT = YES;
			};
			name = Release;
		};
		A95B9D7F225F7E1B00D6D841 /* Debug */ = {
			isa = XCBuildConfiguration;
			baseConfigurationReference = 8E776F83EF80FDAB920A312A /* Pods-CityGNSS.debug.xcconfig */;
			buildSettings = {
				ALWAYS_EMBED_SWIFT_STANDARD_LIBRARIES = YES;
				ASSETCATALOG_COMPILER_APPICON_NAME = AppIcon;
				CODE_SIGN_STYLE = Automatic;
				DEVELOPMENT_TEAM = BUX558WABQ;
				INFOPLIST_FILE = CityGNSSMain/Info.plist;
				IPHONEOS_DEPLOYMENT_TARGET = 11.0;
				LD_RUNPATH_SEARCH_PATHS = (
					"$(inherited)",
					"@executable_path/Frameworks",
				);
				PRODUCT_BUNDLE_IDENTIFIER = a21230041.CityGNSS;
				PRODUCT_NAME = "$(TARGET_NAME)";
				SWIFT_VERSION = 5.0;
				TARGETED_DEVICE_FAMILY = "1,2";
			};
			name = Debug;
		};
		A95B9D80225F7E1B00D6D841 /* Release */ = {
			isa = XCBuildConfiguration;
			baseConfigurationReference = EC665CF0BD20E4A6E0CC2FC4 /* Pods-CityGNSS.release.xcconfig */;
			buildSettings = {
				ALWAYS_EMBED_SWIFT_STANDARD_LIBRARIES = YES;
				ASSETCATALOG_COMPILER_APPICON_NAME = AppIcon;
				CODE_SIGN_STYLE = Automatic;
				DEVELOPMENT_TEAM = BUX558WABQ;
				INFOPLIST_FILE = CityGNSSMain/Info.plist;
				IPHONEOS_DEPLOYMENT_TARGET = 11.0;
				LD_RUNPATH_SEARCH_PATHS = (
					"$(inherited)",
					"@executable_path/Frameworks",
				);
				PRODUCT_BUNDLE_IDENTIFIER = a21230041.CityGNSS;
				PRODUCT_NAME = "$(TARGET_NAME)";
				SWIFT_VERSION = 5.0;
				TARGETED_DEVICE_FAMILY = "1,2";
			};
			name = Release;
		};
/* End XCBuildConfiguration section */

/* Begin XCConfigurationList section */
		A95B9D64225F7E1800D6D841 /* Build configuration list for PBXProject "CityGNSS" */ = {
			isa = XCConfigurationList;
			buildConfigurations = (
				A95B9D7C225F7E1B00D6D841 /* Debug */,
				A95B9D7D225F7E1B00D6D841 /* Release */,
			);
			defaultConfigurationIsVisible = 0;
			defaultConfigurationName = Release;
		};
		A95B9D7E225F7E1B00D6D841 /* Build configuration list for PBXNativeTarget "CityGNSS" */ = {
			isa = XCConfigurationList;
			buildConfigurations = (
				A95B9D7F225F7E1B00D6D841 /* Debug */,
				A95B9D80225F7E1B00D6D841 /* Release */,
			);
			defaultConfigurationIsVisible = 0;
			defaultConfigurationName = Release;
		};
/* End XCConfigurationList section */

/* Begin XCVersionGroup section */
		A95B9D73225F7E1800D6D841 /* SNLocation.xcdatamodeld */ = {
			isa = XCVersionGroup;
			children = (
				A95B9D74225F7E1800D6D841 /* SNLocation.xcdatamodel */,
			);
			currentVersion = A95B9D74225F7E1800D6D841 /* SNLocation.xcdatamodel */;
			path = SNLocation.xcdatamodeld;
			sourceTree = "<group>";
			versionGroupType = wrapper.xcdatamodel;
		};
/* End XCVersionGroup section */
	};
	rootObject = A95B9D61225F7E1800D6D841 /* Project object */;
}
